// !$*UTF8*$!
{
	archiveVersion = 1;
	classes = {
	};
	objectVersion = 46;
	objects = {

/* Begin PBXBuildFile section */
		F75D990E1E2F14EF00956AC8 /* main.m in Sources */ = {isa = PBXBuildFile; fileRef = F75D990D1E2F14EF00956AC8 /* main.m */; };
		F75D99111E2F14EF00956AC8 /* AppDelegate.m in Sources */ = {isa = PBXBuildFile; fileRef = F75D99101E2F14EF00956AC8 /* AppDelegate.m */; };
		F75D99191E2F14F000956AC8 /* Assets.xcassets in Resources */ = {isa = PBXBuildFile; fileRef = F75D99181E2F14F000956AC8 /* Assets.xcassets */; };
		F75D991C1E2F14F000956AC8 /* LaunchScreen.storyboard in Resources */ = {isa = PBXBuildFile; fileRef = F75D991A1E2F14F000956AC8 /* LaunchScreen.storyboard */; };
		F76F19341E3092E400B37670 /* CMMainViewController.m in Sources */ = {isa = PBXBuildFile; fileRef = F76F19331E3092E400B37670 /* CMMainViewController.m */; };
		F76F19401E3092EB00B37670 /* CMSearchBar.m in Sources */ = {isa = PBXBuildFile; fileRef = F76F193D1E3092EB00B37670 /* CMSearchBar.m */; };
		F76F19411E3092EB00B37670 /* CMSearchView.m in Sources */ = {isa = PBXBuildFile; fileRef = F76F193F1E3092EB00B37670 /* CMSearchView.m */; };
		F76F19441E30942E00B37670 /* CMSearchViewController.m in Sources */ = {isa = PBXBuildFile; fileRef = F76F19431E30942E00B37670 /* CMSearchViewController.m */; };
		F76F194E1E31DD4B00B37670 /* CMSectionHeaderView.m in Sources */ = {isa = PBXBuildFile; fileRef = F76F194D1E31DD4B00B37670 /* CMSectionHeaderView.m */; };
		F76F19551E32003000B37670 /* CMSearchDisplayModel.m in Sources */ = {isa = PBXBuildFile; fileRef = F76F19541E32003000B37670 /* CMSearchDisplayModel.m */; };
		F76F19581E35AD5200B37670 /* CMSearchItemCell.m in Sources */ = {isa = PBXBuildFile; fileRef = F76F19571E35AD5200B37670 /* CMSearchItemCell.m */; };
/* End PBXBuildFile section */

/* Begin PBXFileReference section */
		F75D99091E2F14EF00956AC8 /* CMSearchBar.app */ = {isa = PBXFileReference; explicitFileType = wrapper.application; includeInIndex = 0; path = CMSearchBar.app; sourceTree = BUILT_PRODUCTS_DIR; };
		F75D990D1E2F14EF00956AC8 /* main.m */ = {isa = PBXFileReference; lastKnownFileType = sourcecode.c.objc; path = main.m; sourceTree = "<group>"; };
		F75D990F1E2F14EF00956AC8 /* AppDelegate.h */ = {isa = PBXFileReference; lastKnownFileType = sourcecode.c.h; path = AppDelegate.h; sourceTree = "<group>"; };
		F75D99101E2F14EF00956AC8 /* AppDelegate.m */ = {isa = PBXFileReference; lastKnownFileType = sourcecode.c.objc; path = AppDelegate.m; sourceTree = "<group>"; };
		F75D99181E2F14F000956AC8 /* Assets.xcassets */ = {isa = PBXFileReference; lastKnownFileType = folder.assetcatalog; path = Assets.xcassets; sourceTree = "<group>"; };
		F75D991B1E2F14F000956AC8 /* Base */ = {isa = PBXFileReference; lastKnownFileType = file.storyboard; name = Base; path = Base.lproj/LaunchScreen.storyboard; sourceTree = "<group>"; };
		F75D991D1E2F14F000956AC8 /* Info.plist */ = {isa = PBXFileReference; lastKnownFileType = text.plist.xml; path = Info.plist; sourceTree = "<group>"; };
		F76F19321E3092E400B37670 /* CMMainViewController.h */ = {isa = PBXFileReference; fileEncoding = 4; lastKnownFileType = sourcecode.c.h; path = CMMainViewController.h; sourceTree = "<group>"; };
		F76F19331E3092E400B37670 /* CMMainViewController.m */ = {isa = PBXFileReference; fileEncoding = 4; lastKnownFileType = sourcecode.c.objc; path = CMMainViewController.m; sourceTree = "<group>"; };
		F76F19391E3092EB00B37670 /* CMSearchViewHeader.h */ = {isa = PBXFileReference; fileEncoding = 4; lastKnownFileType = sourcecode.c.h; path = CMSearchViewHeader.h; sourceTree = "<group>"; };
		F76F193A1E3092EB00B37670 /* CMSearchViewProtocol.h */ = {isa = PBXFileReference; fileEncoding = 4; lastKnownFileType = sourcecode.c.h; path = CMSearchViewProtocol.h; sourceTree = "<group>"; };
		F76F193C1E3092EB00B37670 /* CMSearchBar.h */ = {isa = PBXFileReference; fileEncoding = 4; lastKnownFileType = sourcecode.c.h; path = CMSearchBar.h; sourceTree = "<group>"; };
		F76F193D1E3092EB00B37670 /* CMSearchBar.m */ = {isa = PBXFileReference; fileEncoding = 4; lastKnownFileType = sourcecode.c.objc; path = CMSearchBar.m; sourceTree = "<group>"; };
		F76F193E1E3092EB00B37670 /* CMSearchView.h */ = {isa = PBXFileReference; fileEncoding = 4; lastKnownFileType = sourcecode.c.h; path = CMSearchView.h; sourceTree = "<group>"; };
		F76F193F1E3092EB00B37670 /* CMSearchView.m */ = {isa = PBXFileReference; fileEncoding = 4; lastKnownFileType = sourcecode.c.objc; path = CMSearchView.m; sourceTree = "<group>"; };
		F76F19421E30942E00B37670 /* CMSearchViewController.h */ = {isa = PBXFileReference; fileEncoding = 4; lastKnownFileType = sourcecode.c.h; path = CMSearchViewController.h; sourceTree = "<group>"; };
		F76F19431E30942E00B37670 /* CMSearchViewController.m */ = {isa = PBXFileReference; fileEncoding = 4; lastKnownFileType = sourcecode.c.objc; path = CMSearchViewController.m; sourceTree = "<group>"; };
		F76F194C1E31DD4B00B37670 /* CMSectionHeaderView.h */ = {isa = PBXFileReference; fileEncoding = 4; lastKnownFileType = sourcecode.c.h; path = CMSectionHeaderView.h; sourceTree = "<group>"; };
		F76F194D1E31DD4B00B37670 /* CMSectionHeaderView.m */ = {isa = PBXFileReference; fileEncoding = 4; lastKnownFileType = sourcecode.c.objc; path = CMSectionHeaderView.m; sourceTree = "<group>"; };
		F76F19531E32003000B37670 /* CMSearchDisplayModel.h */ = {isa = PBXFileReference; fileEncoding = 4; lastKnownFileType = sourcecode.c.h; path = CMSearchDisplayModel.h; sourceTree = "<group>"; };
		F76F19541E32003000B37670 /* CMSearchDisplayModel.m */ = {isa = PBXFileReference; fileEncoding = 4; lastKnownFileType = sourcecode.c.objc; path = CMSearchDisplayModel.m; sourceTree = "<group>"; };
		F76F19561E35AD5200B37670 /* CMSearchItemCell.h */ = {isa = PBXFileReference; fileEncoding = 4; lastKnownFileType = sourcecode.c.h; path = CMSearchItemCell.h; sourceTree = "<group>"; };
		F76F19571E35AD5200B37670 /* CMSearchItemCell.m */ = {isa = PBXFileReference; fileEncoding = 4; lastKnownFileType = sourcecode.c.objc; path = CMSearchItemCell.m; sourceTree = "<group>"; };
/* End PBXFileReference section */

/* Begin PBXFrameworksBuildPhase section */
		F75D99061E2F14EF00956AC8 /* Frameworks */ = {
			isa = PBXFrameworksBuildPhase;
			buildActionMask = 2147483647;
			files = (
			);
			runOnlyForDeploymentPostprocessing = 0;
		};
/* End PBXFrameworksBuildPhase section */

/* Begin PBXGroup section */
		F75D99001E2F14EE00956AC8 = {
			isa = PBXGroup;
			children = (
				F75D990B1E2F14EF00956AC8 /* CMSearchBar */,
				F75D990A1E2F14EF00956AC8 /* Products */,
			);
			sourceTree = "<group>";
		};
		F75D990A1E2F14EF00956AC8 /* Products */ = {
			isa = PBXGroup;
			children = (
				F75D99091E2F14EF00956AC8 /* CMSearchBar.app */,
			);
			name = Products;
			sourceTree = "<group>";
		};
		F75D990B1E2F14EF00956AC8 /* CMSearchBar */ = {
			isa = PBXGroup;
			children = (
				F76F19351E3092EB00B37670 /* CMSearchBar */,
				F76F19321E3092E400B37670 /* CMMainViewController.h */,
				F76F19331E3092E400B37670 /* CMMainViewController.m */,
				F75D990F1E2F14EF00956AC8 /* AppDelegate.h */,
				F75D99101E2F14EF00956AC8 /* AppDelegate.m */,
				F75D99181E2F14F000956AC8 /* Assets.xcassets */,
				F75D991A1E2F14F000956AC8 /* LaunchScreen.storyboard */,
				F75D991D1E2F14F000956AC8 /* Info.plist */,
				F75D990C1E2F14EF00956AC8 /* Supporting Files */,
			);
			path = CMSearchBar;
			sourceTree = "<group>";
		};
		F75D990C1E2F14EF00956AC8 /* Supporting Files */ = {
			isa = PBXGroup;
			children = (
				F75D990D1E2F14EF00956AC8 /* main.m */,
			);
			name = "Supporting Files";
			sourceTree = "<group>";
		};
		F76F19351E3092EB00B37670 /* CMSearchBar */ = {
			isa = PBXGroup;
			children = (
				F76F19361E3092EB00B37670 /* Controller */,
				F76F19371E3092EB00B37670 /* Model */,
				F76F19381E3092EB00B37670 /* Other */,
				F76F193B1E3092EB00B37670 /* View */,
			);
			path = CMSearchBar;
			sourceTree = "<group>";
		};
		F76F19361E3092EB00B37670 /* Controller */ = {
			isa = PBXGroup;
			children = (
				F76F19421E30942E00B37670 /* CMSearchViewController.h */,
				F76F19431E30942E00B37670 /* CMSearchViewController.m */,
			);
			path = Controller;
			sourceTree = "<group>";
		};
		F76F19371E3092EB00B37670 /* Model */ = {
			isa = PBXGroup;
			children = (
				F76F19531E32003000B37670 /* CMSearchDisplayModel.h */,
				F76F19541E32003000B37670 /* CMSearchDisplayModel.m */,
			);
			path = Model;
			sourceTree = "<group>";
		};
		F76F19381E3092EB00B37670 /* Other */ = {
			isa = PBXGroup;
			children = (
				F76F19391E3092EB00B37670 /* CMSearchViewHeader.h */,
				F76F193A1E3092EB00B37670 /* CMSearchViewProtocol.h */,
			);
			path = Other;
			sourceTree = "<group>";
		};
		F76F193B1E3092EB00B37670 /* View */ = {
			isa = PBXGroup;
			children = (
				F76F193C1E3092EB00B37670 /* CMSearchBar.h */,
				F76F193D1E3092EB00B37670 /* CMSearchBar.m */,
				F76F193E1E3092EB00B37670 /* CMSearchView.h */,
				F76F193F1E3092EB00B37670 /* CMSearchView.m */,
				F76F194C1E31DD4B00B37670 /* CMSectionHeaderView.h */,
				F76F194D1E31DD4B00B37670 /* CMSectionHeaderView.m */,
				F76F19561E35AD5200B37670 /* CMSearchItemCell.h */,
				F76F19571E35AD5200B37670 /* CMSearchItemCell.m */,
			);
			path = View;
			sourceTree = "<group>";
		};
/* End PBXGroup section */

/* Begin PBXNativeTarget section */
		F75D99081E2F14EF00956AC8 /* CMSearchBar */ = {
			isa = PBXNativeTarget;
			buildConfigurationList = F75D99201E2F14F000956AC8 /* Build configuration list for PBXNativeTarget "CMSearchBar" */;
			buildPhases = (
				F75D99051E2F14EF00956AC8 /* Sources */,
				F75D99061E2F14EF00956AC8 /* Frameworks */,
				F75D99071E2F14EF00956AC8 /* Resources */,
			);
			buildRules = (
			);
			dependencies = (
			);
			name = CMSearchBar;
			productName = CMSearchBar;
			productReference = F75D99091E2F14EF00956AC8 /* CMSearchBar.app */;
			productType = "com.apple.product-type.application";
		};
/* End PBXNativeTarget section */

/* Begin PBXProject section */
		F75D99011E2F14EE00956AC8 /* Project object */ = {
			isa = PBXProject;
			attributes = {
				CLASSPREFIX = CM;
				LastUpgradeCheck = 0810;
				ORGANIZATIONNAME = 23;
				TargetAttributes = {
					F75D99081E2F14EF00956AC8 = {
						CreatedOnToolsVersion = 8.1;
						DevelopmentTeam = 4683DBG5A6;
						ProvisioningStyle = Automatic;
					};
				};
			};
			buildConfigurationList = F75D99041E2F14EE00956AC8 /* Build configuration list for PBXProject "CMSearchBar" */;
			compatibilityVersion = "Xcode 3.2";
			developmentRegion = English;
			hasScannedForEncodings = 0;
			knownRegions = (
				en,
				Base,
			);
			mainGroup = F75D99001E2F14EE00956AC8;
			productRefGroup = F75D990A1E2F14EF00956AC8 /* Products */;
			projectDirPath = "";
			projectRoot = "";
			targets = (
				F75D99081E2F14EF00956AC8 /* CMSearchBar */,
			);
		};
/* End PBXProject section */

/* Begin PBXResourcesBuildPhase section */
		F75D99071E2F14EF00956AC8 /* Resources */ = {
			isa = PBXResourcesBuildPhase;
			buildActionMask = 2147483647;
			files = (
				F75D991C1E2F14F000956AC8 /* LaunchScreen.storyboard in Resources */,
				F75D99191E2F14F000956AC8 /* Assets.xcassets in Resources */,
			);
			runOnlyForDeploymentPostprocessing = 0;
		};
/* End PBXResourcesBuildPhase section */

/* Begin PBXSourcesBuildPhase section */
		F75D99051E2F14EF00956AC8 /* Sources */ = {
			isa = PBXSourcesBuildPhase;
			buildActionMask = 2147483647;
			files = (
				F76F19441E30942E00B37670 /* CMSearchViewController.m in Sources */,
				F76F19411E3092EB00B37670 /* CMSearchView.m in Sources */,
				F75D99111E2F14EF00956AC8 /* AppDelegate.m in Sources */,
				F76F194E1E31DD4B00B37670 /* CMSectionHeaderView.m in Sources */,
				F76F19341E3092E400B37670 /* CMMainViewController.m in Sources */,
				F75D990E1E2F14EF00956AC8 /* main.m in Sources */,
				F76F19551E32003000B37670 /* CMSearchDisplayModel.m in Sources */,
				F76F19401E3092EB00B37670 /* CMSearchBar.m in Sources */,
				F76F19581E35AD5200B37670 /* CMSearchItemCell.m in Sources */,
			);
			runOnlyForDeploymentPostprocessing = 0;
		};
/* End PBXSourcesBuildPhase section */

/* Begin PBXVariantGroup section */
		F75D991A1E2F14F000956AC8 /* LaunchScreen.storyboard */ = {
			isa = PBXVariantGroup;
			children = (
				F75D991B1E2F14F000956AC8 /* Base */,
			);
			name = LaunchScreen.storyboard;
			sourceTree = "<group>";
		};
/* End PBXVariantGroup section */

/* Begin XCBuildConfiguration section */
		F75D991E1E2F14F000956AC8 /* Debug */ = {
			isa = XCBuildConfiguration;
			buildSettings = {
				ALWAYS_SEARCH_USER_PATHS = NO;
				CLANG_ANALYZER_NONNULL = YES;
				CLANG_CXX_LANGUAGE_STANDARD = "gnu++0x";
				CLANG_CXX_LIBRARY = "libc++";
				CLANG_ENABLE_MODULES = YES;
				CLANG_ENABLE_OBJC_ARC = YES;
				CLANG_WARN_BOOL_CONVERSION = YES;
				CLANG_WARN_CONSTANT_CONVERSION = YES;
				CLANG_WARN_DIRECT_OBJC_ISA_USAGE = YES_ERROR;
				CLANG_WARN_DOCUMENTATION_COMMENTS = YES;
				CLANG_WARN_EMPTY_BODY = YES;
				CLANG_WARN_ENUM_CONVERSION = YES;
				CLANG_WARN_INFINITE_RECURSION = YES;
				CLANG_WARN_INT_CONVERSION = YES;
				CLANG_WARN_OBJC_ROOT_CLASS = YES_ERROR;
				CLANG_WARN_SUSPICIOUS_MOVES = YES;
				CLANG_WARN_UNREACHABLE_CODE = YES;
				CLANG_WARN__DUPLICATE_METHOD_MATCH = YES;
				"CODE_SIGN_IDENTITY[sdk=iphoneos*]" = "iPhone Developer";
				COPY_PHASE_STRIP = NO;
				DEBUG_INFORMATION_FORMAT = dwarf;
				ENABLE_STRICT_OBJC_MSGSEND = YES;
				ENABLE_TESTABILITY = YES;
				GCC_C_LANGUAGE_STANDARD = gnu99;
				GCC_DYNAMIC_NO_PIC = NO;
				GCC_NO_COMMON_BLOCKS = YES;
				GCC_OPTIMIZATION_LEVEL = 0;
				GCC_PREPROCESSOR_DEFINITIONS = (
					"DEBUG=1",
					"$(inherited)",
				);
				GCC_WARN_64_TO_32_BIT_CONVERSION = YES;
				GCC_WARN_ABOUT_RETURN_TYPE = YES_ERROR;
				GCC_WARN_UNDECLARED_SELECTOR = YES;
				GCC_WARN_UNINITIALIZED_AUTOS = YES_AGGRESSIVE;
				GCC_WARN_UNUSED_FUNCTION = YES;
				GCC_WARN_UNUSED_VARIABLE = YES;
				IPHONEOS_DEPLOYMENT_TARGET = 10.1;
				MTL_ENABLE_DEBUG_INFO = YES;
				ONLY_ACTIVE_ARCH = YES;
				SDKROOT = iphoneos;
			};
			name = Debug;
		};
		F75D991F1E2F14F000956AC8 /* Release */ = {
			isa = XCBuildConfiguration;
			buildSettings = {
				ALWAYS_SEARCH_USER_PATHS = NO;
				CLANG_ANALYZER_NONNULL = YES;
				CLANG_CXX_LANGUAGE_STANDARD = "gnu++0x";
				CLANG_CXX_LIBRARY = "libc++";
				CLANG_ENABLE_MODULES = YES;
				CLANG_ENABLE_OBJC_ARC = YES;
				CLANG_WARN_BOOL_CONVERSION = YES;
				CLANG_WARN_CONSTANT_CONVERSION = YES;
				CLANG_WARN_DIRECT_OBJC_ISA_USAGE = YES_ERROR;
				CLANG_WARN_DOCUMENTATION_COMMENTS = YES;
				CLANG_WARN_EMPTY_BODY = YES;
				CLANG_WARN_ENUM_CONVERSION = YES;
				CLANG_WARN_INFINITE_RECURSION = YES;
				CLANG_WARN_INT_CONVERSION = YES;
				CLANG_WARN_OBJC_ROOT_CLASS = YES_ERROR;
				CLANG_WARN_SUSPICIOUS_MOVES = YES;
				CLANG_WARN_UNREACHABLE_CODE = YES;
				CLANG_WARN__DUPLICATE_METHOD_MATCH = YES;
				"CODE_SIGN_IDENTITY[sdk=iphoneos*]" = "iPhone Developer";
				COPY_PHASE_STRIP = NO;
				DEBUG_INFORMATION_FORMAT = "dwarf-with-dsym";
				ENABLE_NS_ASSERTIONS = NO;
				ENABLE_STRICT_OBJC_MSGSEND = YES;
				GCC_C_LANGUAGE_STANDARD = gnu99;
				GCC_NO_COMMON_BLOCKS = YES;
				GCC_WARN_64_TO_32_BIT_CONVERSION = YES;
				GCC_WARN_ABOUT_RETURN_TYPE = YES_ERROR;
				GCC_WARN_UNDECLARED_SELECTOR = YES;
				GCC_WARN_UNINITIALIZED_AUTOS = YES_AGGRESSIVE;
				GCC_WARN_UNUSED_FUNCTION = YES;
				GCC_WARN_UNUSED_VARIABLE = YES;
				IPHONEOS_DEPLOYMENT_TARGET = 10.1;
				MTL_ENABLE_DEBUG_INFO = NO;
				SDKROOT = iphoneos;
				VALIDATE_PRODUCT = YES;
			};
			name = Release;
		};
		F75D99211E2F14F000956AC8 /* Debug */ = {
			isa = XCBuildConfiguration;
			buildSettings = {
				ASSETCATALOG_COMPILER_APPICON_NAME = AppIcon;
				DEVELOPMENT_TEAM = 4683DBG5A6;
				INFOPLIST_FILE = CMSearchBar/Info.plist;
				IPHONEOS_DEPLOYMENT_TARGET = 8.0;
				LD_RUNPATH_SEARCH_PATHS = "$(inherited) @executable_path/Frameworks";
				PRODUCT_BUNDLE_IDENTIFIER = cn.kinglian.start.CMSearchBar;
				PRODUCT_NAME = "$(TARGET_NAME)";
			};
			name = Debug;
		};
		F75D99221E2F14F000956AC8 /* Release */ = {
			isa = XCBuildConfiguration;
			buildSettings = {
				ASSETCATALOG_COMPILER_APPICON_NAME = AppIcon;
				DEVELOPMENT_TEAM = 4683DBG5A6;
				INFOPLIST_FILE = CMSearchBar/Info.plist;
				IPHONEOS_DEPLOYMENT_TARGET = 8.0;
				LD_RUNPATH_SEARCH_PATHS = "$(inherited) @executable_path/Frameworks";
				PRODUCT_BUNDLE_IDENTIFIER = cn.kinglian.start.CMSearchBar;
				PRODUCT_NAME = "$(TARGET_NAME)";
			};
			name = Release;
		};
/* End XCBuildConfiguration section */

/* Begin XCConfigurationList section */
		F75D99041E2F14EE00956AC8 /* Build configuration list for PBXProject "CMSearchBar" */ = {
			isa = XCConfigurationList;
			buildConfigurations = (
				F75D991E1E2F14F000956AC8 /* Debug */,
				F75D991F1E2F14F000956AC8 /* Release */,
			);
			defaultConfigurationIsVisible = 0;
			defaultConfigurationName = Release;
		};
		F75D99201E2F14F000956AC8 /* Build configuration list for PBXNativeTarget "CMSearchBar" */ = {
			isa = XCConfigurationList;
			buildConfigurations = (
				F75D99211E2F14F000956AC8 /* Debug */,
				F75D99221E2F14F000956AC8 /* Release */,
			);
			defaultConfigurationIsVisible = 0;
			defaultConfigurationName = Release;
		};
/* End XCConfigurationList section */
	};
	rootObject = F75D99011E2F14EE00956AC8 /* Project object */;
}
